
Microsoft Visual Studio Solution File, Format Version 12.00
# Visual Studio Version 17
VisualStudioVersion = 17.11.35312.102
MinimumVisualStudioVersion = 10.0.40219.1
Project("{FAE04EC0-301F-11D3-BF4B-00C04F79EFBC}") = "25 hw2", "25 hw2\25 hw2.csproj", "{06E46801-72B7-49CB-A803-1802FECABC47}"
EndProject
Global
	GlobalSection(SolutionConfigurationPlatforms) = preSolution
		Debug|Any CPU = Debug|Any CPU
		Release|Any CPU = Release|Any CPU
	EndGlobalSection
	GlobalSection(ProjectConfigurationPlatforms) = postSolution
		{06E46801-72B7-49CB-A803-1802FECABC47}.Debug|Any CPU.ActiveCfg = Debug|Any CPU
		{06E46801-72B7-49CB-A803-1802FECABC47}.Debug|Any CPU.Build.0 = Debug|Any CPU
		{06E46801-72B7-49CB-A803-1802FECABC47}.Release|Any CPU.ActiveCfg = Release|Any CPU
		{06E46801-72B7-49CB-A803-1802FECABC47}.Release|Any CPU.Build.0 = Release|Any CPU
	EndGlobalSection
	GlobalSection(SolutionProperties) = preSolution
		HideSolutionNode = FALSE
	EndGlobalSection
	GlobalSection(ExtensibilityGlobals) = postSolution
		SolutionGuid = {577CF097-B943-4D56-9F0D-F7628C26CBFB}
	EndGlobalSection
EndGlobal
